{
  "name": "action-set-json-field",
  "version": "1.0.0",
  "lockfileVersion": 2,
  "requires": true,
  "packages": {
    "": {
      "name": "action-set-json-field",
      "version": "1.0.0",
      "license": "MIT",
      "dependencies": {
        "@actions/core": "^1.2.3",
        "jest": "^28.1.1"
      },
      "devDependencies": {
        "@zeit/ncc": "^0.20.4"
      }
    }
  }  
}  
